PODS:
  - Amplify (1.23.0):
    - Amplify/Default (= 1.23.0)
  - Amplify/Default (1.23.0)
  - amplify_analytics_pinpoint_ios (0.0.1):
    - Amplify (= 1.23.0)
    - amplify_core
    - AmplifyPlugins/AWSPinpointAnalyticsPlugin (= 1.23.0)
    - Flutter
  - amplify_api (0.0.1):
    - Amplify (= 1.23.0)
    - amplify_core
    - AmplifyPlugins/AWSAPIPlugin (= 1.23.0)
    - Flutter
    - SwiftFormat/CLI
    - SwiftLint
  - amplify_auth_cognito_ios (0.0.1):
    - Amplify (= 1.23.0)
    - amplify_core
    - AmplifyPlugins/AWSCognitoAuthPlugin (= 1.23.0)
    - Flutter
    - ObjectMapper
  - amplify_core (0.0.1):
    - Flutter
    - SwiftFormat/CLI
    - SwiftLint
  - amplify_flutter (0.0.1):
    - Amplify (= 1.23.0)
    - amplify_core
    - AmplifyPlugins/AWSCognitoAuthPlugin (= 1.23.0)
    - AWSPluginsCore (= 1.23.0)
    - Flutter
    - SwiftFormat/CLI
    - SwiftLint
  - AmplifyPlugins/AWSAPIPlugin (1.23.0):
    - AppSyncRealTimeClient (~> 1.8)
    - AWSCore (~> 2.27.0)
    - AWSPluginsCore (= 1.23.0)
  - AmplifyPlugins/AWSCognitoAuthPlugin (1.23.0):
    - AWSAuthCore (~> 2.27.0)
    - AWSCognitoIdentityProvider (~> 2.27.0)
    - AWSCognitoIdentityProviderASF (~> 2.27.0)
    - AWSCore (~> 2.27.0)
    - AWSMobileClient (~> 2.27.0)
    - AWSPluginsCore (= 1.23.0)
  - AmplifyPlugins/AWSPinpointAnalyticsPlugin (1.23.0):
    - AWSCore (~> 2.27.0)
    - AWSPinpoint (~> 2.27.0)
    - AWSPluginsCore (= 1.23.0)
  - AppSyncRealTimeClient (1.10.0):
    - Starscream (~> 4.0.4)
  - AWSAuthCore (2.27.10):
    - AWSCore (= 2.27.10)
  - AWSCognitoIdentityProvider (2.27.10):
    - AWSCognitoIdentityProviderASF (= 2.27.10)
    - AWSCore (= 2.27.10)
  - AWSCognitoIdentityProviderASF (2.27.10):
    - AWSCore (= 2.27.10)
  - AWSCore (2.27.10)
  - AWSMobileClient (2.27.10):
    - AWSAuthCore (= 2.27.10)
    - AWSCognitoIdentityProvider (= 2.27.10)
    - AWSCognitoIdentityProviderASF (= 2.27.10)
    - AWSCore (= 2.27.10)
  - AWSPinpoint (2.27.10):
    - AWSCore (= 2.27.10)
  - AWSPluginsCore (1.23.0):
    - Amplify (= 1.23.0)
    - AWSCore (~> 2.27.0)
  - Firebase/CoreOnly (9.2.0):
    - FirebaseCore (= 9.2.0)
  - Firebase/Messaging (9.2.0):
    - Firebase/CoreOnly
    - FirebaseMessaging (~> 9.2.0)
  - firebase_core (1.19.1):
    - Firebase/CoreOnly (= 9.2.0)
    - Flutter
  - firebase_messaging (11.4.4):
    - Firebase/Messaging (= 9.2.0)
    - firebase_core
    - Flutter
  - FirebaseCore (9.2.0):
    - FirebaseCoreDiagnostics (~> 9.0)
    - FirebaseCoreInternal (~> 9.0)
    - GoogleUtilities/Environment (~> 7.7)
    - GoogleUtilities/Logger (~> 7.7)
  - FirebaseCoreDiagnostics (9.2.0):
    - GoogleDataTransport (< 10.0.0, >= 9.1.4)
    - GoogleUtilities/Environment (~> 7.7)
    - GoogleUtilities/Logger (~> 7.7)
    - nanopb (< 2.30910.0, >= 2.30908.0)
  - FirebaseCoreInternal (9.2.0):
    - "GoogleUtilities/NSData+zlib (~> 7.7)"
  - FirebaseInstallations (9.2.0):
    - FirebaseCore (~> 9.0)
    - GoogleUtilities/Environment (~> 7.7)
    - GoogleUtilities/UserDefaults (~> 7.7)
    - PromisesObjC (~> 2.1)
  - FirebaseMessaging (9.2.0):
    - FirebaseCore (~> 9.0)
    - FirebaseInstallations (~> 9.0)
    - GoogleDataTransport (< 10.0.0, >= 9.1.4)
    - GoogleUtilities/AppDelegateSwizzler (~> 7.7)
    - GoogleUtilities/Environment (~> 7.7)
    - GoogleUtilities/Reachability (~> 7.7)
    - GoogleUtilities/UserDefaults (~> 7.7)
    - nanopb (< 2.30910.0, >= 2.30908.0)
  - Flutter (1.0.0)
  - flutter_local_notifications (0.0.1):
    - Flutter
  - flutter_native_splash (0.0.1):
    - Flutter
  - flutter_secure_storage (3.3.1):
    - Flutter
  - FMDB (2.7.5):
    - FMDB/standard (= 2.7.5)
  - FMDB/standard (2.7.5)
  - GoogleDataTransport (9.1.4):
    - GoogleUtilities/Environment (~> 7.7)
    - nanopb (< 2.30910.0, >= 2.30908.0)
    - PromisesObjC (< 3.0, >= 1.2)
  - GoogleUtilities/AppDelegateSwizzler (7.7.0):
    - GoogleUtilities/Environment
    - GoogleUtilities/Logger
    - GoogleUtilities/Network
  - GoogleUtilities/Environment (7.7.0):
    - PromisesObjC (< 3.0, >= 1.2)
  - GoogleUtilities/Logger (7.7.0):
    - GoogleUtilities/Environment
  - GoogleUtilities/Network (7.7.0):
    - GoogleUtilities/Logger
    - "GoogleUtilities/NSData+zlib"
    - GoogleUtilities/Reachability
  - "GoogleUtilities/NSData+zlib (7.7.0)"
  - GoogleUtilities/Reachability (7.7.0):
    - GoogleUtilities/Logger
  - GoogleUtilities/UserDefaults (7.7.0):
    - GoogleUtilities/Logger
  - image_picker_ios (0.0.1):
    - Flutter
  - nanopb (2.30909.0):
    - nanopb/decode (= 2.30909.0)
    - nanopb/encode (= 2.30909.0)
  - nanopb/decode (2.30909.0)
  - nanopb/encode (2.30909.0)
  - ObjectMapper (4.2.0)
  - path_provider_ios (0.0.1):
    - Flutter
  - PromisesObjC (2.1.1)
  - sqflite (0.0.2):
    - Flutter
    - FMDB (>= 2.7.5)
  - Starscream (4.0.4)
  - SwiftFormat/CLI (0.49.10)
  - SwiftLint (0.47.1)

DEPENDENCIES:
  - amplify_analytics_pinpoint_ios (from `.symlinks/plugins/amplify_analytics_pinpoint_ios/ios`)
  - amplify_api (from `.symlinks/plugins/amplify_api/ios`)
  - amplify_auth_cognito_ios (from `.symlinks/plugins/amplify_auth_cognito_ios/ios`)
  - amplify_core (from `.symlinks/plugins/amplify_core/ios`)
  - amplify_flutter (from `.symlinks/plugins/amplify_flutter/ios`)
  - firebase_core (from `.symlinks/plugins/firebase_core/ios`)
  - firebase_messaging (from `.symlinks/plugins/firebase_messaging/ios`)
  - Flutter (from `Flutter`)
  - flutter_local_notifications (from `.symlinks/plugins/flutter_local_notifications/ios`)
  - flutter_native_splash (from `.symlinks/plugins/flutter_native_splash/ios`)
  - flutter_secure_storage (from `.symlinks/plugins/flutter_secure_storage/ios`)
  - image_picker_ios (from `.symlinks/plugins/image_picker_ios/ios`)
  - path_provider_ios (from `.symlinks/plugins/path_provider_ios/ios`)
  - sqflite (from `.symlinks/plugins/sqflite/ios`)

SPEC REPOS:
  trunk:
    - Amplify
    - AmplifyPlugins
    - AppSyncRealTimeClient
    - AWSAuthCore
    - AWSCognitoIdentityProvider
    - AWSCognitoIdentityProviderASF
    - AWSCore
    - AWSMobileClient
    - AWSPinpoint
    - AWSPluginsCore
    - Firebase
    - FirebaseCore
    - FirebaseCoreDiagnostics
    - FirebaseCoreInternal
    - FirebaseInstallations
    - FirebaseMessaging
    - FMDB
    - GoogleDataTransport
    - GoogleUtilities
    - nanopb
    - ObjectMapper
    - PromisesObjC
    - Starscream
    - SwiftFormat
    - SwiftLint

EXTERNAL SOURCES:
  amplify_analytics_pinpoint_ios:
    :path: ".symlinks/plugins/amplify_analytics_pinpoint_ios/ios"
  amplify_api:
    :path: ".symlinks/plugins/amplify_api/ios"
  amplify_auth_cognito_ios:
    :path: ".symlinks/plugins/amplify_auth_cognito_ios/ios"
  amplify_core:
    :path: ".symlinks/plugins/amplify_core/ios"
  amplify_flutter:
    :path: ".symlinks/plugins/amplify_flutter/ios"
  firebase_core:
    :path: ".symlinks/plugins/firebase_core/ios"
  firebase_messaging:
    :path: ".symlinks/plugins/firebase_messaging/ios"
  Flutter:
    :path: Flutter
  flutter_local_notifications:
    :path: ".symlinks/plugins/flutter_local_notifications/ios"
  flutter_native_splash:
    :path: ".symlinks/plugins/flutter_native_splash/ios"
  flutter_secure_storage:
    :path: ".symlinks/plugins/flutter_secure_storage/ios"
  image_picker_ios:
    :path: ".symlinks/plugins/image_picker_ios/ios"
  path_provider_ios:
    :path: ".symlinks/plugins/path_provider_ios/ios"
  sqflite:
    :path: ".symlinks/plugins/sqflite/ios"

SPEC CHECKSUMS:
  Amplify: 010d6a71db20812d9e3062db1fe827393d01e584
  amplify_analytics_pinpoint_ios: 6353367c6b59d271fbea2715c5e257e5a84a89e4
  amplify_api: e002dc6c1abab0d50bd8e4fca5327eed2cab2eee
  amplify_auth_cognito_ios: c67d4bf0901717cb193f16ed24c389be7f4d7daf
  amplify_core: e67fe0c53845db08aced670bfc7370b1329d2798
  amplify_flutter: 0cfb67a9864be1605c6659635c2b98700fe8c34d
  AmplifyPlugins: d939707cf36dfcd53c5fd6533e842e323a2287ab
  AppSyncRealTimeClient: 656ab4215e05f6ca47fe6d8c73f416d9984a8aac
  AWSAuthCore: ea9baff143a5ff4a98cea3954b006cedc96cd47e
  AWSCognitoIdentityProvider: 7ef13d7a86298db707165208f01b92997cc3b5af
  AWSCognitoIdentityProviderASF: d745c40a37815ef1c547f9677145d4e522f582f3
  AWSCore: dbad318b7ff0fd86fb8387d3ad1f30049c05bc58
  AWSMobileClient: 523cdb04d21cfd7523eb8db77b2fa2a00b6a95b4
  AWSPinpoint: 27927339d4bb43bd46c15c3baaff1220041c668b
  AWSPluginsCore: 120cfa265293694921b6595fe00d1cb5ab558847
  Firebase: 4ba896cb8e5105d4b9e247e1c1b6222b548df55a
  firebase_core: 9e09bbfbf5467e459822850732f5fb648f5b1927
  firebase_messaging: 405f36f22122866761e7ba7aa1dcecbae09ef836
  FirebaseCore: 0e27f2a15d8f7b7ef11e7d93e23b1cbab55d748c
  FirebaseCoreDiagnostics: ad3f6c68b7c5b63b7cf15b0785d7137f05f32268
  FirebaseCoreInternal: cb966328b6985dbd6f535e1461291063e1c4a00f
  FirebaseInstallations: 21186f0ca7849f90f4a3219fa31a5eca2e30f113
  FirebaseMessaging: 4eaf1b8a7464b2c5e619ad66e9b20ee3e3206b24
  Flutter: 50d75fe2f02b26cc09d224853bb45737f8b3214a
  flutter_local_notifications: 0c0b1ae97e741e1521e4c1629a459d04b9aec743
  flutter_native_splash: 52501b97d1c0a5f898d687f1646226c1f93c56ef
  flutter_secure_storage: 7953c38a04c3fdbb00571bcd87d8e3b5ceb9daec
  FMDB: 2ce00b547f966261cd18927a3ddb07cb6f3db82a
  GoogleDataTransport: 5fffe35792f8b96ec8d6775f5eccd83c998d5a3b
  GoogleUtilities: e0913149f6b0625b553d70dae12b49fc62914fd1
  image_picker_ios: b786a5dcf033a8336a657191401bfdf12017dabb
  nanopb: b552cce312b6c8484180ef47159bc0f65a1f0431
  ObjectMapper: 1eb41f610210777375fa806bf161dc39fb832b81
  path_provider_ios: 14f3d2fd28c4fdb42f44e0f751d12861c43cee02
  PromisesObjC: ab77feca74fa2823e7af4249b8326368e61014cb
  sqflite: 6d358c025f5b867b29ed92fc697fd34924e11904
  Starscream: 5178aed56b316f13fa3bc55694e583d35dd414d9
  SwiftFormat: 7e7b810d61b0518ea30d3753051ebde546ae4c0b
  SwiftLint: f80f1be7fa96d30e0aa68e58d45d4ea1ccaac519

PODFILE CHECKSUM: 7368163408c647b7eb699d0d788ba6718e18fb8d

COCOAPODS: 1.11.3
